
Microsoft Visual Studio Solution File, Format Version 12.00
# Visual Studio 15
VisualStudioVersion = 15.0.28307.136
MinimumVisualStudioVersion = 10.0.40219.1
Project("{FAE04EC0-301F-11D3-BF4B-00C04F79EFBC}") = "19_ExceptionHandling", "19_ExceptionHandling\19_ExceptionHandling.csproj", "{21BF1207-512B-4612-91B6-BC55595F1B60}"
EndProject
Global
	GlobalSection(SolutionConfigurationPlatforms) = preSolution
		Debug|Any CPU = Debug|Any CPU
		Release|Any CPU = Release|Any CPU
	EndGlobalSection
	GlobalSection(ProjectConfigurationPlatforms) = postSolution
		{21BF1207-512B-4612-91B6-BC55595F1B60}.Debug|Any CPU.ActiveCfg = Debug|Any CPU
		{21BF1207-512B-4612-91B6-BC55595F1B60}.Debug|Any CPU.Build.0 = Debug|Any CPU
		{21BF1207-512B-4612-91B6-BC55595F1B60}.Release|Any CPU.ActiveCfg = Release|Any CPU
		{21BF1207-512B-4612-91B6-BC55595F1B60}.Release|Any CPU.Build.0 = Release|Any CPU
	EndGlobalSection
	GlobalSection(SolutionProperties) = preSolution
		HideSolutionNode = FALSE
	EndGlobalSection
	GlobalSection(ExtensibilityGlobals) = postSolution
		SolutionGuid = {A2F9DA61-234E-4C0A-999F-2C958494E754}
	EndGlobalSection
EndGlobal
