
Microsoft Visual Studio Solution File, Format Version 12.00
# Visual Studio 15
VisualStudioVersion = 15.0.28307.136
MinimumVisualStudioVersion = 10.0.40219.1
Project("{FAE04EC0-301F-11D3-BF4B-00C04F79EFBC}") = "7_Arrays", "7_Arrays\7_Arrays.csproj", "{4B55CE09-C046-4922-ADC8-0DB1292FF6EF}"
EndProject
Global
	GlobalSection(SolutionConfigurationPlatforms) = preSolution
		Debug|Any CPU = Debug|Any CPU
		Release|Any CPU = Release|Any CPU
	EndGlobalSection
	GlobalSection(ProjectConfigurationPlatforms) = postSolution
		{4B55CE09-C046-4922-ADC8-0DB1292FF6EF}.Debug|Any CPU.ActiveCfg = Debug|Any CPU
		{4B55CE09-C046-4922-ADC8-0DB1292FF6EF}.Debug|Any CPU.Build.0 = Debug|Any CPU
		{4B55CE09-C046-4922-ADC8-0DB1292FF6EF}.Release|Any CPU.ActiveCfg = Release|Any CPU
		{4B55CE09-C046-4922-ADC8-0DB1292FF6EF}.Release|Any CPU.Build.0 = Release|Any CPU
	EndGlobalSection
	GlobalSection(SolutionProperties) = preSolution
		HideSolutionNode = FALSE
	EndGlobalSection
	GlobalSection(ExtensibilityGlobals) = postSolution
		SolutionGuid = {94BF69D7-78A1-439E-9637-6845700F9E78}
	EndGlobalSection
EndGlobal
