
Microsoft Visual Studio Solution File, Format Version 12.00
# Visual Studio 15
VisualStudioVersion = 15.0.28307.136
MinimumVisualStudioVersion = 10.0.40219.1
Project("{FAE04EC0-301F-11D3-BF4B-00C04F79EFBC}") = "18_2dArrays", "18_2dArrays\18_2dArrays.csproj", "{EF20E88D-E12E-4A58-80E1-A5319F60F2C7}"
EndProject
Global
	GlobalSection(SolutionConfigurationPlatforms) = preSolution
		Debug|Any CPU = Debug|Any CPU
		Release|Any CPU = Release|Any CPU
	EndGlobalSection
	GlobalSection(ProjectConfigurationPlatforms) = postSolution
		{EF20E88D-E12E-4A58-80E1-A5319F60F2C7}.Debug|Any CPU.ActiveCfg = Debug|Any CPU
		{EF20E88D-E12E-4A58-80E1-A5319F60F2C7}.Debug|Any CPU.Build.0 = Debug|Any CPU
		{EF20E88D-E12E-4A58-80E1-A5319F60F2C7}.Release|Any CPU.ActiveCfg = Release|Any CPU
		{EF20E88D-E12E-4A58-80E1-A5319F60F2C7}.Release|Any CPU.Build.0 = Release|Any CPU
	EndGlobalSection
	GlobalSection(SolutionProperties) = preSolution
		HideSolutionNode = FALSE
	EndGlobalSection
	GlobalSection(ExtensibilityGlobals) = postSolution
		SolutionGuid = {F18DB120-B888-4F96-9DB0-D8DAB7F4F23B}
	EndGlobalSection
EndGlobal
