
Microsoft Visual Studio Solution File, Format Version 12.00
# Visual Studio 15
VisualStudioVersion = 15.0.28307.136
MinimumVisualStudioVersion = 10.0.40219.1
Project("{FAE04EC0-301F-11D3-BF4B-00C04F79EFBC}") = "4_GettingUserInput", "4_GettingUserInput\4_GettingUserInput.csproj", "{F1CFFE36-1F2C-4B88-B55D-2706F00E5839}"
EndProject
Global
	GlobalSection(SolutionConfigurationPlatforms) = preSolution
		Debug|Any CPU = Debug|Any CPU
		Release|Any CPU = Release|Any CPU
	EndGlobalSection
	GlobalSection(ProjectConfigurationPlatforms) = postSolution
		{F1CFFE36-1F2C-4B88-B55D-2706F00E5839}.Debug|Any CPU.ActiveCfg = Debug|Any CPU
		{F1CFFE36-1F2C-4B88-B55D-2706F00E5839}.Debug|Any CPU.Build.0 = Debug|Any CPU
		{F1CFFE36-1F2C-4B88-B55D-2706F00E5839}.Release|Any CPU.ActiveCfg = Release|Any CPU
		{F1CFFE36-1F2C-4B88-B55D-2706F00E5839}.Release|Any CPU.Build.0 = Release|Any CPU
	EndGlobalSection
	GlobalSection(SolutionProperties) = preSolution
		HideSolutionNode = FALSE
	EndGlobalSection
	GlobalSection(ExtensibilityGlobals) = postSolution
		SolutionGuid = {0629A3CC-F490-4F21-8BA3-36F7676FAF51}
	EndGlobalSection
EndGlobal
